
Microsoft Visual Studio Solution File, Format Version 12.00
# Visual Studio 15
VisualStudioVersion = 15.0.26020.0
MinimumVisualStudioVersion = 10.0.40219.1
Project("{FAE04EC0-301F-11D3-BF4B-00C04F79EFBC}") = "Portkit.Security", "Portkit.Security\Portkit.Security.csproj", "{AC2AC679-C00D-4B63-85DF-504C2B65883E}"
EndProject
Project("{FAE04EC0-301F-11D3-BF4B-00C04F79EFBC}") = "Portkit.Security.UnitTests", "Portkit.Security.UnitTests\Portkit.Security.UnitTests.csproj", "{1B015E3B-F63F-4B46-9F8F-10C7BC410218}"
EndProject
Global
	GlobalSection(SolutionConfigurationPlatforms) = preSolution
		Debug|Any CPU = Debug|Any CPU
		Release|Any CPU = Release|Any CPU
	EndGlobalSection
	GlobalSection(ProjectConfigurationPlatforms) = postSolution
		{AC2AC679-C00D-4B63-85DF-504C2B65883E}.Debug|Any CPU.ActiveCfg = Debug|Any CPU
		{AC2AC679-C00D-4B63-85DF-504C2B65883E}.Debug|Any CPU.Build.0 = Debug|Any CPU
		{AC2AC679-C00D-4B63-85DF-504C2B65883E}.Release|Any CPU.ActiveCfg = Release|Any CPU
		{AC2AC679-C00D-4B63-85DF-504C2B65883E}.Release|Any CPU.Build.0 = Release|Any CPU
		{1B015E3B-F63F-4B46-9F8F-10C7BC410218}.Debug|Any CPU.ActiveCfg = Debug|Any CPU
		{1B015E3B-F63F-4B46-9F8F-10C7BC410218}.Debug|Any CPU.Build.0 = Debug|Any CPU
		{1B015E3B-F63F-4B46-9F8F-10C7BC410218}.Release|Any CPU.ActiveCfg = Release|Any CPU
		{1B015E3B-F63F-4B46-9F8F-10C7BC410218}.Release|Any CPU.Build.0 = Release|Any CPU
	EndGlobalSection
	GlobalSection(SolutionProperties) = preSolution
		HideSolutionNode = FALSE
	EndGlobalSection
EndGlobal
